
Microsoft Visual Studio Solution File, Format Version 12.00
# Visual Studio Version 16
VisualStudioVersion = 16.0.31727.386
MinimumVisualStudioVersion = 10.0.40219.1
Project("{9A19103F-16F7-4668-BE54-9A1E7A4F7556}") = "EmployeeManagement.UI", "EmployeeManagement.UI\EmployeeManagement.UI.csproj", "{1223A612-8758-4B75-BBC5-3283D2ABE26A}"
EndProject
Project("{9A19103F-16F7-4668-BE54-9A1E7A4F7556}") = "EmployeeManagement.Data", "EmployeeManagement.Data\EmployeeManagement.Data.csproj", "{6270B0EB-E9E4-4DBD-ABB4-C3008439BF64}"
EndProject
Project("{9A19103F-16F7-4668-BE54-9A1E7A4F7556}") = "EmployeeManagement.BusinessEngine", "EmployeeManagement.BusinessEngine\EmployeeManagement.BusinessEngine.csproj", "{7DF45D07-33D5-49D7-A4E9-44AA700DE6B6}"
EndProject
Project("{9A19103F-16F7-4668-BE54-9A1E7A4F7556}") = "EmployeeManagement.Common", "EmployeeManagement.Common\EmployeeManagement.Common.csproj", "{825B3492-97C3-41F2-BF71-C4E725D02948}"
EndProject
Global
	GlobalSection(SolutionConfigurationPlatforms) = preSolution
		Debug|Any CPU = Debug|Any CPU
		Release|Any CPU = Release|Any CPU
	EndGlobalSection
	GlobalSection(ProjectConfigurationPlatforms) = postSolution
		{1223A612-8758-4B75-BBC5-3283D2ABE26A}.Debug|Any CPU.ActiveCfg = Debug|Any CPU
		{1223A612-8758-4B75-BBC5-3283D2ABE26A}.Debug|Any CPU.Build.0 = Debug|Any CPU
		{1223A612-8758-4B75-BBC5-3283D2ABE26A}.Release|Any CPU.ActiveCfg = Release|Any CPU
		{1223A612-8758-4B75-BBC5-3283D2ABE26A}.Release|Any CPU.Build.0 = Release|Any CPU
		{6270B0EB-E9E4-4DBD-ABB4-C3008439BF64}.Debug|Any CPU.ActiveCfg = Debug|Any CPU
		{6270B0EB-E9E4-4DBD-ABB4-C3008439BF64}.Debug|Any CPU.Build.0 = Debug|Any CPU
		{6270B0EB-E9E4-4DBD-ABB4-C3008439BF64}.Release|Any CPU.ActiveCfg = Release|Any CPU
		{6270B0EB-E9E4-4DBD-ABB4-C3008439BF64}.Release|Any CPU.Build.0 = Release|Any CPU
		{7DF45D07-33D5-49D7-A4E9-44AA700DE6B6}.Debug|Any CPU.ActiveCfg = Debug|Any CPU
		{7DF45D07-33D5-49D7-A4E9-44AA700DE6B6}.Debug|Any CPU.Build.0 = Debug|Any CPU
		{7DF45D07-33D5-49D7-A4E9-44AA700DE6B6}.Release|Any CPU.ActiveCfg = Release|Any CPU
		{7DF45D07-33D5-49D7-A4E9-44AA700DE6B6}.Release|Any CPU.Build.0 = Release|Any CPU
		{825B3492-97C3-41F2-BF71-C4E725D02948}.Debug|Any CPU.ActiveCfg = Debug|Any CPU
		{825B3492-97C3-41F2-BF71-C4E725D02948}.Debug|Any CPU.Build.0 = Debug|Any CPU
		{825B3492-97C3-41F2-BF71-C4E725D02948}.Release|Any CPU.ActiveCfg = Release|Any CPU
		{825B3492-97C3-41F2-BF71-C4E725D02948}.Release|Any CPU.Build.0 = Release|Any CPU
	EndGlobalSection
	GlobalSection(SolutionProperties) = preSolution
		HideSolutionNode = FALSE
	EndGlobalSection
	GlobalSection(ExtensibilityGlobals) = postSolution
		SolutionGuid = {B1EBA25B-68C8-4736-A1DC-409076A1059F}
	EndGlobalSection
EndGlobal
